// !$*UTF8*$!
{
	archiveVersion = 1;
	classes = {
	};
	objectVersion = 50;
	objects = {

/* Begin PBXBuildFile section */
		548BAC8323ECAECD00B3EBCB /* AppDelegate.swift in Sources */ = {isa = PBXBuildFile; fileRef = 548BAC8223ECAECD00B3EBCB /* AppDelegate.swift */; };
		548BAC8523ECAECD00B3EBCB /* ARHomeViewController.swift in Sources */ = {isa = PBXBuildFile; fileRef = 548BAC8423ECAECD00B3EBCB /* ARHomeViewController.swift */; };
		548BAC8A23ECAECD00B3EBCB /* Main.storyboard in Resources */ = {isa = PBXBuildFile; fileRef = 548BAC8823ECAECD00B3EBCB /* Main.storyboard */; };
		548BAC8C23ECAED500B3EBCB /* Assets.xcassets in Resources */ = {isa = PBXBuildFile; fileRef = 548BAC8B23ECAED500B3EBCB /* Assets.xcassets */; };
		548BAC8F23ECAED500B3EBCB /* LaunchScreen.storyboard in Resources */ = {isa = PBXBuildFile; fileRef = 548BAC8D23ECAED500B3EBCB /* LaunchScreen.storyboard */; };
		548BAC9A23ECAED500B3EBCB /* Carnaval_4_0_Rosas_FEITests.swift in Sources */ = {isa = PBXBuildFile; fileRef = 548BAC9923ECAED500B3EBCB /* Carnaval_4_0_Rosas_FEITests.swift */; };
		548BACA523ECAED500B3EBCB /* Carnaval_4_0_Rosas_FEIUITests.swift in Sources */ = {isa = PBXBuildFile; fileRef = 548BACA423ECAED500B3EBCB /* Carnaval_4_0_Rosas_FEIUITests.swift */; };
		548BACB323EE44C100B3EBCB /* Experiencia Casa.rcproject in Sources */ = {isa = PBXBuildFile; fileRef = 548BACB223EE44C000B3EBCB /* Experiencia Casa.rcproject */; };
		548BACB723EE61DF00B3EBCB /* IntroViewController.swift in Sources */ = {isa = PBXBuildFile; fileRef = 548BACB623EE61DF00B3EBCB /* IntroViewController.swift */; };
		548BACB923EE626300B3EBCB /* MenuViewController.swift in Sources */ = {isa = PBXBuildFile; fileRef = 548BACB823EE626300B3EBCB /* MenuViewController.swift */; };
		548BACBB23EE634600B3EBCB /* rosas_background.mp4 in Resources */ = {isa = PBXBuildFile; fileRef = 548BACBA23EE634500B3EBCB /* rosas_background.mp4 */; };
		548BACC723EE995C00B3EBCB /* ARHomeViewController+ARAnchorPlacement.swift in Sources */ = {isa = PBXBuildFile; fileRef = 548BACC623EE995C00B3EBCB /* ARHomeViewController+ARAnchorPlacement.swift */; };
		548BACC923EEBF0F00B3EBCB /* FechaAlas.rcproject in Sources */ = {isa = PBXBuildFile; fileRef = 548BACC823EEBF0E00B3EBCB /* FechaAlas.rcproject */; };
		548BACCB23EEC12700B3EBCB /* ARSambodromoViewController.swift in Sources */ = {isa = PBXBuildFile; fileRef = 548BACCA23EEC12700B3EBCB /* ARSambodromoViewController.swift */; };
		548BACCD23EEC18D00B3EBCB /* ARSambodromoViewController+ARAnchorPlacement.swift in Sources */ = {isa = PBXBuildFile; fileRef = 548BACCC23EEC18D00B3EBCB /* ARSambodromoViewController+ARAnchorPlacement.swift */; };
/* End PBXBuildFile section */

/* Begin PBXContainerItemProxy section */
		548BAC9623ECAED500B3EBCB /* PBXContainerItemProxy */ = {
			isa = PBXContainerItemProxy;
			containerPortal = 548BAC7723ECAECD00B3EBCB /* Project object */;
			proxyType = 1;
			remoteGlobalIDString = 548BAC7E23ECAECD00B3EBCB;
			remoteInfo = "Carnaval 4.0 Rosas-FEI";
		};
		548BACA123ECAED500B3EBCB /* PBXContainerItemProxy */ = {
			isa = PBXContainerItemProxy;
			containerPortal = 548BAC7723ECAECD00B3EBCB /* Project object */;
			proxyType = 1;
			remoteGlobalIDString = 548BAC7E23ECAECD00B3EBCB;
			remoteInfo = "Carnaval 4.0 Rosas-FEI";
		};
/* End PBXContainerItemProxy section */

/* Begin PBXFileReference section */
		548BAC7F23ECAECD00B3EBCB /* Carnaval 4.0 Rosas-FEI.app */ = {isa = PBXFileReference; explicitFileType = wrapper.application; includeInIndex = 0; path = "Carnaval 4.0 Rosas-FEI.app"; sourceTree = BUILT_PRODUCTS_DIR; };
		548BAC8223ECAECD00B3EBCB /* AppDelegate.swift */ = {isa = PBXFileReference; lastKnownFileType = sourcecode.swift; path = AppDelegate.swift; sourceTree = "<group>"; };
		548BAC8423ECAECD00B3EBCB /* ARHomeViewController.swift */ = {isa = PBXFileReference; lastKnownFileType = sourcecode.swift; path = ARHomeViewController.swift; sourceTree = "<group>"; };
		548BAC8923ECAECD00B3EBCB /* Base */ = {isa = PBXFileReference; lastKnownFileType = file.storyboard; name = Base; path = Base.lproj/Main.storyboard; sourceTree = "<group>"; };
		548BAC8B23ECAED500B3EBCB /* Assets.xcassets */ = {isa = PBXFileReference; lastKnownFileType = folder.assetcatalog; path = Assets.xcassets; sourceTree = "<group>"; };
		548BAC8E23ECAED500B3EBCB /* Base */ = {isa = PBXFileReference; lastKnownFileType = file.storyboard; name = Base; path = Base.lproj/LaunchScreen.storyboard; sourceTree = "<group>"; };
		548BAC9023ECAED500B3EBCB /* Info.plist */ = {isa = PBXFileReference; lastKnownFileType = text.plist.xml; path = Info.plist; sourceTree = "<group>"; };
		548BAC9523ECAED500B3EBCB /* Carnaval 4.0 Rosas-FEITests.xctest */ = {isa = PBXFileReference; explicitFileType = wrapper.cfbundle; includeInIndex = 0; path = "Carnaval 4.0 Rosas-FEITests.xctest"; sourceTree = BUILT_PRODUCTS_DIR; };
		548BAC9923ECAED500B3EBCB /* Carnaval_4_0_Rosas_FEITests.swift */ = {isa = PBXFileReference; lastKnownFileType = sourcecode.swift; path = Carnaval_4_0_Rosas_FEITests.swift; sourceTree = "<group>"; };
		548BAC9B23ECAED500B3EBCB /* Info.plist */ = {isa = PBXFileReference; lastKnownFileType = text.plist.xml; path = Info.plist; sourceTree = "<group>"; };
		548BACA023ECAED500B3EBCB /* Carnaval 4.0 Rosas-FEIUITests.xctest */ = {isa = PBXFileReference; explicitFileType = wrapper.cfbundle; includeInIndex = 0; path = "Carnaval 4.0 Rosas-FEIUITests.xctest"; sourceTree = BUILT_PRODUCTS_DIR; };
		548BACA423ECAED500B3EBCB /* Carnaval_4_0_Rosas_FEIUITests.swift */ = {isa = PBXFileReference; lastKnownFileType = sourcecode.swift; path = Carnaval_4_0_Rosas_FEIUITests.swift; sourceTree = "<group>"; };
		548BACA623ECAED500B3EBCB /* Info.plist */ = {isa = PBXFileReference; lastKnownFileType = text.plist.xml; path = Info.plist; sourceTree = "<group>"; };
		548BACB223EE44C000B3EBCB /* Experiencia Casa.rcproject */ = {isa = PBXFileReference; lastKnownFileType = file.rcproject; path = "Experiencia Casa.rcproject"; sourceTree = "<group>"; };
		548BACB623EE61DF00B3EBCB /* IntroViewController.swift */ = {isa = PBXFileReference; lastKnownFileType = sourcecode.swift; path = IntroViewController.swift; sourceTree = "<group>"; };
		548BACB823EE626300B3EBCB /* MenuViewController.swift */ = {isa = PBXFileReference; lastKnownFileType = sourcecode.swift; path = MenuViewController.swift; sourceTree = "<group>"; };
		548BACBA23EE634500B3EBCB /* rosas_background.mp4 */ = {isa = PBXFileReference; lastKnownFileType = file; path = rosas_background.mp4; sourceTree = "<group>"; };
		548BACC623EE995C00B3EBCB /* ARHomeViewController+ARAnchorPlacement.swift */ = {isa = PBXFileReference; lastKnownFileType = sourcecode.swift; path = "ARHomeViewController+ARAnchorPlacement.swift"; sourceTree = "<group>"; };
		548BACC823EEBF0E00B3EBCB /* FechaAlas.rcproject */ = {isa = PBXFileReference; lastKnownFileType = file.rcproject; path = FechaAlas.rcproject; sourceTree = "<group>"; };
		548BACCA23EEC12700B3EBCB /* ARSambodromoViewController.swift */ = {isa = PBXFileReference; lastKnownFileType = sourcecode.swift; path = ARSambodromoViewController.swift; sourceTree = "<group>"; };
		548BACCC23EEC18D00B3EBCB /* ARSambodromoViewController+ARAnchorPlacement.swift */ = {isa = PBXFileReference; lastKnownFileType = sourcecode.swift; path = "ARSambodromoViewController+ARAnchorPlacement.swift"; sourceTree = "<group>"; };
/* End PBXFileReference section */

/* Begin PBXFrameworksBuildPhase section */
		548BAC7C23ECAECD00B3EBCB /* Frameworks */ = {
			isa = PBXFrameworksBuildPhase;
			buildActionMask = 2147483647;
			files = (
			);
			runOnlyForDeploymentPostprocessing = 0;
		};
		548BAC9223ECAED500B3EBCB /* Frameworks */ = {
			isa = PBXFrameworksBuildPhase;
			buildActionMask = 2147483647;
			files = (
			);
			runOnlyForDeploymentPostprocessing = 0;
		};
		548BAC9D23ECAED500B3EBCB /* Frameworks */ = {
			isa = PBXFrameworksBuildPhase;
			buildActionMask = 2147483647;
			files = (
			);
			runOnlyForDeploymentPostprocessing = 0;
		};
/* End PBXFrameworksBuildPhase section */

/* Begin PBXGroup section */
		548BAC7623ECAECD00B3EBCB = {
			isa = PBXGroup;
			children = (
				548BAC8123ECAECD00B3EBCB /* Carnaval 4.0 Rosas-FEI */,
				548BAC9823ECAED500B3EBCB /* Carnaval 4.0 Rosas-FEITests */,
				548BACA323ECAED500B3EBCB /* Carnaval 4.0 Rosas-FEIUITests */,
				548BAC8023ECAECD00B3EBCB /* Products */,
			);
			sourceTree = "<group>";
		};
		548BAC8023ECAECD00B3EBCB /* Products */ = {
			isa = PBXGroup;
			children = (
				548BAC7F23ECAECD00B3EBCB /* Carnaval 4.0 Rosas-FEI.app */,
				548BAC9523ECAED500B3EBCB /* Carnaval 4.0 Rosas-FEITests.xctest */,
				548BACA023ECAED500B3EBCB /* Carnaval 4.0 Rosas-FEIUITests.xctest */,
			);
			name = Products;
			sourceTree = "<group>";
		};
		548BAC8123ECAECD00B3EBCB /* Carnaval 4.0 Rosas-FEI */ = {
			isa = PBXGroup;
			children = (
				548BACB523EE5E7600B3EBCB /* Background Video */,
				548BAC8223ECAECD00B3EBCB /* AppDelegate.swift */,
				548BACC623EE995C00B3EBCB /* ARHomeViewController+ARAnchorPlacement.swift */,
				548BAC8423ECAECD00B3EBCB /* ARHomeViewController.swift */,
				548BACCC23EEC18D00B3EBCB /* ARSambodromoViewController+ARAnchorPlacement.swift */,
				548BACCA23EEC12700B3EBCB /* ARSambodromoViewController.swift */,
				548BACB223EE44C000B3EBCB /* Experiencia Casa.rcproject */,
				548BACC823EEBF0E00B3EBCB /* FechaAlas.rcproject */,
				548BAC8823ECAECD00B3EBCB /* Main.storyboard */,
				548BAC8B23ECAED500B3EBCB /* Assets.xcassets */,
				548BAC8D23ECAED500B3EBCB /* LaunchScreen.storyboard */,
				548BAC9023ECAED500B3EBCB /* Info.plist */,
				548BACB623EE61DF00B3EBCB /* IntroViewController.swift */,
				548BACB823EE626300B3EBCB /* MenuViewController.swift */,
			);
			path = "Carnaval 4.0 Rosas-FEI";
			sourceTree = "<group>";
		};
		548BAC9823ECAED500B3EBCB /* Carnaval 4.0 Rosas-FEITests */ = {
			isa = PBXGroup;
			children = (
				548BAC9923ECAED500B3EBCB /* Carnaval_4_0_Rosas_FEITests.swift */,
				548BAC9B23ECAED500B3EBCB /* Info.plist */,
			);
			path = "Carnaval 4.0 Rosas-FEITests";
			sourceTree = "<group>";
		};
		548BACA323ECAED500B3EBCB /* Carnaval 4.0 Rosas-FEIUITests */ = {
			isa = PBXGroup;
			children = (
				548BACA423ECAED500B3EBCB /* Carnaval_4_0_Rosas_FEIUITests.swift */,
				548BACA623ECAED500B3EBCB /* Info.plist */,
			);
			path = "Carnaval 4.0 Rosas-FEIUITests";
			sourceTree = "<group>";
		};
		548BACB523EE5E7600B3EBCB /* Background Video */ = {
			isa = PBXGroup;
			children = (
				548BACBA23EE634500B3EBCB /* rosas_background.mp4 */,
			);
			path = "Background Video";
			sourceTree = "<group>";
		};
/* End PBXGroup section */

/* Begin PBXNativeTarget section */
		548BAC7E23ECAECD00B3EBCB /* Carnaval 4.0 Rosas-FEI */ = {
			isa = PBXNativeTarget;
			buildConfigurationList = 548BACA923ECAED500B3EBCB /* Build configuration list for PBXNativeTarget "Carnaval 4.0 Rosas-FEI" */;
			buildPhases = (
				548BAC7B23ECAECD00B3EBCB /* Sources */,
				548BAC7C23ECAECD00B3EBCB /* Frameworks */,
				548BAC7D23ECAECD00B3EBCB /* Resources */,
			);
			buildRules = (
			);
			dependencies = (
			);
			name = "Carnaval 4.0 Rosas-FEI";
			productName = "Carnaval 4.0 Rosas-FEI";
			productReference = 548BAC7F23ECAECD00B3EBCB /* Carnaval 4.0 Rosas-FEI.app */;
			productType = "com.apple.product-type.application";
		};
		548BAC9423ECAED500B3EBCB /* Carnaval 4.0 Rosas-FEITests */ = {
			isa = PBXNativeTarget;
			buildConfigurationList = 548BACAC23ECAED500B3EBCB /* Build configuration list for PBXNativeTarget "Carnaval 4.0 Rosas-FEITests" */;
			buildPhases = (
				548BAC9123ECAED500B3EBCB /* Sources */,
				548BAC9223ECAED500B3EBCB /* Frameworks */,
				548BAC9323ECAED500B3EBCB /* Resources */,
			);
			buildRules = (
			);
			dependencies = (
				548BAC9723ECAED500B3EBCB /* PBXTargetDependency */,
			);
			name = "Carnaval 4.0 Rosas-FEITests";
			productName = "Carnaval 4.0 Rosas-FEITests";
			productReference = 548BAC9523ECAED500B3EBCB /* Carnaval 4.0 Rosas-FEITests.xctest */;
			productType = "com.apple.product-type.bundle.unit-test";
		};
		548BAC9F23ECAED500B3EBCB /* Carnaval 4.0 Rosas-FEIUITests */ = {
			isa = PBXNativeTarget;
			buildConfigurationList = 548BACAF23ECAED500B3EBCB /* Build configuration list for PBXNativeTarget "Carnaval 4.0 Rosas-FEIUITests" */;
			buildPhases = (
				548BAC9C23ECAED500B3EBCB /* Sources */,
				548BAC9D23ECAED500B3EBCB /* Frameworks */,
				548BAC9E23ECAED500B3EBCB /* Resources */,
			);
			buildRules = (
			);
			dependencies = (
				548BACA223ECAED500B3EBCB /* PBXTargetDependency */,
			);
			name = "Carnaval 4.0 Rosas-FEIUITests";
			productName = "Carnaval 4.0 Rosas-FEIUITests";
			productReference = 548BACA023ECAED500B3EBCB /* Carnaval 4.0 Rosas-FEIUITests.xctest */;
			productType = "com.apple.product-type.bundle.ui-testing";
		};
/* End PBXNativeTarget section */

/* Begin PBXProject section */
		548BAC7723ECAECD00B3EBCB /* Project object */ = {
			isa = PBXProject;
			attributes = {
				LastSwiftUpdateCheck = 1130;
				LastUpgradeCheck = 1130;
				ORGANIZATIONNAME = "Everton Cardoso";
				TargetAttributes = {
					548BAC7E23ECAECD00B3EBCB = {
						CreatedOnToolsVersion = 11.3.1;
					};
					548BAC9423ECAED500B3EBCB = {
						CreatedOnToolsVersion = 11.3.1;
						TestTargetID = 548BAC7E23ECAECD00B3EBCB;
					};
					548BAC9F23ECAED500B3EBCB = {
						CreatedOnToolsVersion = 11.3.1;
						TestTargetID = 548BAC7E23ECAECD00B3EBCB;
					};
				};
			};
			buildConfigurationList = 548BAC7A23ECAECD00B3EBCB /* Build configuration list for PBXProject "Carnaval 4.0 Rosas-FEI" */;
			compatibilityVersion = "Xcode 9.3";
			developmentRegion = en;
			hasScannedForEncodings = 0;
			knownRegions = (
				en,
				Base,
			);
			mainGroup = 548BAC7623ECAECD00B3EBCB;
			productRefGroup = 548BAC8023ECAECD00B3EBCB /* Products */;
			projectDirPath = "";
			projectRoot = "";
			targets = (
				548BAC7E23ECAECD00B3EBCB /* Carnaval 4.0 Rosas-FEI */,
				548BAC9423ECAED500B3EBCB /* Carnaval 4.0 Rosas-FEITests */,
				548BAC9F23ECAED500B3EBCB /* Carnaval 4.0 Rosas-FEIUITests */,
			);
		};
/* End PBXProject section */

/* Begin PBXResourcesBuildPhase section */
		548BAC7D23ECAECD00B3EBCB /* Resources */ = {
			isa = PBXResourcesBuildPhase;
			buildActionMask = 2147483647;
			files = (
				548BAC8F23ECAED500B3EBCB /* LaunchScreen.storyboard in Resources */,
				548BAC8C23ECAED500B3EBCB /* Assets.xcassets in Resources */,
				548BACBB23EE634600B3EBCB /* rosas_background.mp4 in Resources */,
				548BAC8A23ECAECD00B3EBCB /* Main.storyboard in Resources */,
			);
			runOnlyForDeploymentPostprocessing = 0;
		};
		548BAC9323ECAED500B3EBCB /* Resources */ = {
			isa = PBXResourcesBuildPhase;
			buildActionMask = 2147483647;
			files = (
			);
			runOnlyForDeploymentPostprocessing = 0;
		};
		548BAC9E23ECAED500B3EBCB /* Resources */ = {
			isa = PBXResourcesBuildPhase;
			buildActionMask = 2147483647;
			files = (
			);
			runOnlyForDeploymentPostprocessing = 0;
		};
/* End PBXResourcesBuildPhase section */

/* Begin PBXSourcesBuildPhase section */
		548BAC7B23ECAECD00B3EBCB /* Sources */ = {
			isa = PBXSourcesBuildPhase;
			buildActionMask = 2147483647;
			files = (
				548BACCD23EEC18D00B3EBCB /* ARSambodromoViewController+ARAnchorPlacement.swift in Sources */,
				548BACCB23EEC12700B3EBCB /* ARSambodromoViewController.swift in Sources */,
				548BAC8523ECAECD00B3EBCB /* ARHomeViewController.swift in Sources */,
				548BACB923EE626300B3EBCB /* MenuViewController.swift in Sources */,
				548BACC923EEBF0F00B3EBCB /* FechaAlas.rcproject in Sources */,
				548BACB323EE44C100B3EBCB /* Experiencia Casa.rcproject in Sources */,
				548BACC723EE995C00B3EBCB /* ARHomeViewController+ARAnchorPlacement.swift in Sources */,
				548BAC8323ECAECD00B3EBCB /* AppDelegate.swift in Sources */,
				548BACB723EE61DF00B3EBCB /* IntroViewController.swift in Sources */,
			);
			runOnlyForDeploymentPostprocessing = 0;
		};
		548BAC9123ECAED500B3EBCB /* Sources */ = {
			isa = PBXSourcesBuildPhase;
			buildActionMask = 2147483647;
			files = (
				548BAC9A23ECAED500B3EBCB /* Carnaval_4_0_Rosas_FEITests.swift in Sources */,
			);
			runOnlyForDeploymentPostprocessing = 0;
		};
		548BAC9C23ECAED500B3EBCB /* Sources */ = {
			isa = PBXSourcesBuildPhase;
			buildActionMask = 2147483647;
			files = (
				548BACA523ECAED500B3EBCB /* Carnaval_4_0_Rosas_FEIUITests.swift in Sources */,
			);
			runOnlyForDeploymentPostprocessing = 0;
		};
/* End PBXSourcesBuildPhase section */

/* Begin PBXTargetDependency section */
		548BAC9723ECAED500B3EBCB /* PBXTargetDependency */ = {
			isa = PBXTargetDependency;
			target = 548BAC7E23ECAECD00B3EBCB /* Carnaval 4.0 Rosas-FEI */;
			targetProxy = 548BAC9623ECAED500B3EBCB /* PBXContainerItemProxy */;
		};
		548BACA223ECAED500B3EBCB /* PBXTargetDependency */ = {
			isa = PBXTargetDependency;
			target = 548BAC7E23ECAECD00B3EBCB /* Carnaval 4.0 Rosas-FEI */;
			targetProxy = 548BACA123ECAED500B3EBCB /* PBXContainerItemProxy */;
		};
/* End PBXTargetDependency section */

/* Begin PBXVariantGroup section */
		548BAC8823ECAECD00B3EBCB /* Main.storyboard */ = {
			isa = PBXVariantGroup;
			children = (
				548BAC8923ECAECD00B3EBCB /* Base */,
			);
			name = Main.storyboard;
			sourceTree = "<group>";
		};
		548BAC8D23ECAED500B3EBCB /* LaunchScreen.storyboard */ = {
			isa = PBXVariantGroup;
			children = (
				548BAC8E23ECAED500B3EBCB /* Base */,
			);
			name = LaunchScreen.storyboard;
			sourceTree = "<group>";
		};
/* End PBXVariantGroup section */

/* Begin XCBuildConfiguration section */
		548BACA723ECAED500B3EBCB /* Debug */ = {
			isa = XCBuildConfiguration;
			buildSettings = {
				ALWAYS_SEARCH_USER_PATHS = NO;
				CLANG_ANALYZER_NONNULL = YES;
				CLANG_ANALYZER_NUMBER_OBJECT_CONVERSION = YES_AGGRESSIVE;
				CLANG_CXX_LANGUAGE_STANDARD = "gnu++14";
				CLANG_CXX_LIBRARY = "libc++";
				CLANG_ENABLE_MODULES = YES;
				CLANG_ENABLE_OBJC_ARC = YES;
				CLANG_ENABLE_OBJC_WEAK = YES;
				CLANG_WARN_BLOCK_CAPTURE_AUTORELEASING = YES;
				CLANG_WARN_BOOL_CONVERSION = YES;
				CLANG_WARN_COMMA = YES;
				CLANG_WARN_CONSTANT_CONVERSION = YES;
				CLANG_WARN_DEPRECATED_OBJC_IMPLEMENTATIONS = YES;
				CLANG_WARN_DIRECT_OBJC_ISA_USAGE = YES_ERROR;
				CLANG_WARN_DOCUMENTATION_COMMENTS = YES;
				CLANG_WARN_EMPTY_BODY = YES;
				CLANG_WARN_ENUM_CONVERSION = YES;
				CLANG_WARN_INFINITE_RECURSION = YES;
				CLANG_WARN_INT_CONVERSION = YES;
				CLANG_WARN_NON_LITERAL_NULL_CONVERSION = YES;
				CLANG_WARN_OBJC_IMPLICIT_RETAIN_SELF = YES;
				CLANG_WARN_OBJC_LITERAL_CONVERSION = YES;
				CLANG_WARN_OBJC_ROOT_CLASS = YES_ERROR;
				CLANG_WARN_RANGE_LOOP_ANALYSIS = YES;
				CLANG_WARN_STRICT_PROTOTYPES = YES;
				CLANG_WARN_SUSPICIOUS_MOVE = YES;
				CLANG_WARN_UNGUARDED_AVAILABILITY = YES_AGGRESSIVE;
				CLANG_WARN_UNREACHABLE_CODE = YES;
				CLANG_WARN__DUPLICATE_METHOD_MATCH = YES;
				COPY_PHASE_STRIP = NO;
				DEBUG_INFORMATION_FORMAT = dwarf;
				ENABLE_STRICT_OBJC_MSGSEND = YES;
				ENABLE_TESTABILITY = YES;
				GCC_C_LANGUAGE_STANDARD = gnu11;
				GCC_DYNAMIC_NO_PIC = NO;
				GCC_NO_COMMON_BLOCKS = YES;
				GCC_OPTIMIZATION_LEVEL = 0;
				GCC_PREPROCESSOR_DEFINITIONS = (
					"DEBUG=1",
					"$(inherited)",
				);
				GCC_WARN_64_TO_32_BIT_CONVERSION = YES;
				GCC_WARN_ABOUT_RETURN_TYPE = YES_ERROR;
				GCC_WARN_UNDECLARED_SELECTOR = YES;
				GCC_WARN_UNINITIALIZED_AUTOS = YES_AGGRESSIVE;
				GCC_WARN_UNUSED_FUNCTION = YES;
				GCC_WARN_UNUSED_VARIABLE = YES;
				IPHONEOS_DEPLOYMENT_TARGET = 13.2;
				MTL_ENABLE_DEBUG_INFO = INCLUDE_SOURCE;
				MTL_FAST_MATH = YES;
				ONLY_ACTIVE_ARCH = YES;
				SDKROOT = iphoneos;
				SWIFT_ACTIVE_COMPILATION_CONDITIONS = DEBUG;
				SWIFT_OPTIMIZATION_LEVEL = "-Onone";
			};
			name = Debug;
		};
		548BACA823ECAED500B3EBCB /* Release */ = {
			isa = XCBuildConfiguration;
			buildSettings = {
				ALWAYS_SEARCH_USER_PATHS = NO;
				CLANG_ANALYZER_NONNULL = YES;
				CLANG_ANALYZER_NUMBER_OBJECT_CONVERSION = YES_AGGRESSIVE;
				CLANG_CXX_LANGUAGE_STANDARD = "gnu++14";
				CLANG_CXX_LIBRARY = "libc++";
				CLANG_ENABLE_MODULES = YES;
				CLANG_ENABLE_OBJC_ARC = YES;
				CLANG_ENABLE_OBJC_WEAK = YES;
				CLANG_WARN_BLOCK_CAPTURE_AUTORELEASING = YES;
				CLANG_WARN_BOOL_CONVERSION = YES;
				CLANG_WARN_COMMA = YES;
				CLANG_WARN_CONSTANT_CONVERSION = YES;
				CLANG_WARN_DEPRECATED_OBJC_IMPLEMENTATIONS = YES;
				CLANG_WARN_DIRECT_OBJC_ISA_USAGE = YES_ERROR;
				CLANG_WARN_DOCUMENTATION_COMMENTS = YES;
				CLANG_WARN_EMPTY_BODY = YES;
				CLANG_WARN_ENUM_CONVERSION = YES;
				CLANG_WARN_INFINITE_RECURSION = YES;
				CLANG_WARN_INT_CONVERSION = YES;
				CLANG_WARN_NON_LITERAL_NULL_CONVERSION = YES;
				CLANG_WARN_OBJC_IMPLICIT_RETAIN_SELF = YES;
				CLANG_WARN_OBJC_LITERAL_CONVERSION = YES;
				CLANG_WARN_OBJC_ROOT_CLASS = YES_ERROR;
				CLANG_WARN_RANGE_LOOP_ANALYSIS = YES;
				CLANG_WARN_STRICT_PROTOTYPES = YES;
				CLANG_WARN_SUSPICIOUS_MOVE = YES;
				CLANG_WARN_UNGUARDED_AVAILABILITY = YES_AGGRESSIVE;
				CLANG_WARN_UNREACHABLE_CODE = YES;
				CLANG_WARN__DUPLICATE_METHOD_MATCH = YES;
				COPY_PHASE_STRIP = NO;
				DEBUG_INFORMATION_FORMAT = "dwarf-with-dsym";
				ENABLE_NS_ASSERTIONS = NO;
				ENABLE_STRICT_OBJC_MSGSEND = YES;
				GCC_C_LANGUAGE_STANDARD = gnu11;
				GCC_NO_COMMON_BLOCKS = YES;
				GCC_WARN_64_TO_32_BIT_CONVERSION = YES;
				GCC_WARN_ABOUT_RETURN_TYPE = YES_ERROR;
				GCC_WARN_UNDECLARED_SELECTOR = YES;
				GCC_WARN_UNINITIALIZED_AUTOS = YES_AGGRESSIVE;
				GCC_WARN_UNUSED_FUNCTION = YES;
				GCC_WARN_UNUSED_VARIABLE = YES;
				IPHONEOS_DEPLOYMENT_TARGET = 13.2;
				MTL_ENABLE_DEBUG_INFO = NO;
				MTL_FAST_MATH = YES;
				SDKROOT = iphoneos;
				SWIFT_COMPILATION_MODE = wholemodule;
				SWIFT_OPTIMIZATION_LEVEL = "-O";
				VALIDATE_PRODUCT = YES;
			};
			name = Release;
		};
		548BACAA23ECAED500B3EBCB /* Debug */ = {
			isa = XCBuildConfiguration;
			buildSettings = {
				ASSETCATALOG_COMPILER_APPICON_NAME = AppIcon;
				CODE_SIGN_IDENTITY = "Apple Development";
				CODE_SIGN_STYLE = Automatic;
				DEVELOPMENT_TEAM = C45YPRDNJ2;
				INFOPLIST_FILE = "Carnaval 4.0 Rosas-FEI/Info.plist";
				IPHONEOS_DEPLOYMENT_TARGET = 13.0;
				LD_RUNPATH_SEARCH_PATHS = (
					"$(inherited)",
					"@executable_path/Frameworks",
				);
				PRODUCT_BUNDLE_IDENTIFIER = "Everton.Carnaval-Rosas-FEI";
				PRODUCT_NAME = "$(TARGET_NAME)";
				SWIFT_VERSION = 5.0;
				TARGETED_DEVICE_FAMILY = "1,2";
			};
			name = Debug;
		};
		548BACAB23ECAED500B3EBCB /* Release */ = {
			isa = XCBuildConfiguration;
			buildSettings = {
				ASSETCATALOG_COMPILER_APPICON_NAME = AppIcon;
				CODE_SIGN_IDENTITY = "Apple Development";
				CODE_SIGN_STYLE = Automatic;
				DEVELOPMENT_TEAM = C45YPRDNJ2;
				INFOPLIST_FILE = "Carnaval 4.0 Rosas-FEI/Info.plist";
				IPHONEOS_DEPLOYMENT_TARGET = 13.0;
				LD_RUNPATH_SEARCH_PATHS = (
					"$(inherited)",
					"@executable_path/Frameworks",
				);
				PRODUCT_BUNDLE_IDENTIFIER = "Everton.Carnaval-Rosas-FEI";
				PRODUCT_NAME = "$(TARGET_NAME)";
				SWIFT_VERSION = 5.0;
				TARGETED_DEVICE_FAMILY = "1,2";
			};
			name = Release;
		};
		548BACAD23ECAED500B3EBCB /* Debug */ = {
			isa = XCBuildConfiguration;
			buildSettings = {
				ALWAYS_EMBED_SWIFT_STANDARD_LIBRARIES = YES;
				BUNDLE_LOADER = "$(TEST_HOST)";
				CODE_SIGN_STYLE = Automatic;
				DEVELOPMENT_TEAM = C45YPRDNJ2;
				INFOPLIST_FILE = "Carnaval 4.0 Rosas-FEITests/Info.plist";
				IPHONEOS_DEPLOYMENT_TARGET = 13.2;
				LD_RUNPATH_SEARCH_PATHS = (
					"$(inherited)",
					"@executable_path/Frameworks",
					"@loader_path/Frameworks",
				);
				PRODUCT_BUNDLE_IDENTIFIER = "Everton.Carnaval-4-0-Rosas-FEITests";
				PRODUCT_NAME = "$(TARGET_NAME)";
				SWIFT_VERSION = 5.0;
				TARGETED_DEVICE_FAMILY = "1,2";
				TEST_HOST = "$(BUILT_PRODUCTS_DIR)/Carnaval 4.0 Rosas-FEI.app/Carnaval 4.0 Rosas-FEI";
			};
			name = Debug;
		};
		548BACAE23ECAED500B3EBCB /* Release */ = {
			isa = XCBuildConfiguration;
			buildSettings = {
				ALWAYS_EMBED_SWIFT_STANDARD_LIBRARIES = YES;
				BUNDLE_LOADER = "$(TEST_HOST)";
				CODE_SIGN_STYLE = Automatic;
				DEVELOPMENT_TEAM = C45YPRDNJ2;
				INFOPLIST_FILE = "Carnaval 4.0 Rosas-FEITests/Info.plist";
				IPHONEOS_DEPLOYMENT_TARGET = 13.2;
				LD_RUNPATH_SEARCH_PATHS = (
					"$(inherited)",
					"@executable_path/Frameworks",
					"@loader_path/Frameworks",
				);
				PRODUCT_BUNDLE_IDENTIFIER = "Everton.Carnaval-4-0-Rosas-FEITests";
				PRODUCT_NAME = "$(TARGET_NAME)";
				SWIFT_VERSION = 5.0;
				TARGETED_DEVICE_FAMILY = "1,2";
				TEST_HOST = "$(BUILT_PRODUCTS_DIR)/Carnaval 4.0 Rosas-FEI.app/Carnaval 4.0 Rosas-FEI";
			};
			name = Release;
		};
		548BACB023ECAED500B3EBCB /* Debug */ = {
			isa = XCBuildConfiguration;
			buildSettings = {
				ALWAYS_EMBED_SWIFT_STANDARD_LIBRARIES = YES;
				CODE_SIGN_STYLE = Automatic;
				DEVELOPMENT_TEAM = C45YPRDNJ2;
				INFOPLIST_FILE = "Carnaval 4.0 Rosas-FEIUITests/Info.plist";
				LD_RUNPATH_SEARCH_PATHS = (
					"$(inherited)",
					"@executable_path/Frameworks",
					"@loader_path/Frameworks",
				);
				PRODUCT_BUNDLE_IDENTIFIER = "Everton.Carnaval-4-0-Rosas-FEIUITests";
				PRODUCT_NAME = "$(TARGET_NAME)";
				SWIFT_VERSION = 5.0;
				TARGETED_DEVICE_FAMILY = "1,2";
				TEST_TARGET_NAME = "Carnaval 4.0 Rosas-FEI";
			};
			name = Debug;
		};
		548BACB123ECAED500B3EBCB /* Release */ = {
			isa = XCBuildConfiguration;
			buildSettings = {
				ALWAYS_EMBED_SWIFT_STANDARD_LIBRARIES = YES;
				CODE_SIGN_STYLE = Automatic;
				DEVELOPMENT_TEAM = C45YPRDNJ2;
				INFOPLIST_FILE = "Carnaval 4.0 Rosas-FEIUITests/Info.plist";
				LD_RUNPATH_SEARCH_PATHS = (
					"$(inherited)",
					"@executable_path/Frameworks",
					"@loader_path/Frameworks",
				);
				PRODUCT_BUNDLE_IDENTIFIER = "Everton.Carnaval-4-0-Rosas-FEIUITests";
				PRODUCT_NAME = "$(TARGET_NAME)";
				SWIFT_VERSION = 5.0;
				TARGETED_DEVICE_FAMILY = "1,2";
				TEST_TARGET_NAME = "Carnaval 4.0 Rosas-FEI";
			};
			name = Release;
		};
/* End XCBuildConfiguration section */

/* Begin XCConfigurationList section */
		548BAC7A23ECAECD00B3EBCB /* Build configuration list for PBXProject "Carnaval 4.0 Rosas-FEI" */ = {
			isa = XCConfigurationList;
			buildConfigurations = (
				548BACA723ECAED500B3EBCB /* Debug */,
				548BACA823ECAED500B3EBCB /* Release */,
			);
			defaultConfigurationIsVisible = 0;
			defaultConfigurationName = Release;
		};
		548BACA923ECAED500B3EBCB /* Build configuration list for PBXNativeTarget "Carnaval 4.0 Rosas-FEI" */ = {
			isa = XCConfigurationList;
			buildConfigurations = (
				548BACAA23ECAED500B3EBCB /* Debug */,
				548BACAB23ECAED500B3EBCB /* Release */,
			);
			defaultConfigurationIsVisible = 0;
			defaultConfigurationName = Release;
		};
		548BACAC23ECAED500B3EBCB /* Build configuration list for PBXNativeTarget "Carnaval 4.0 Rosas-FEITests" */ = {
			isa = XCConfigurationList;
			buildConfigurations = (
				548BACAD23ECAED500B3EBCB /* Debug */,
				548BACAE23ECAED500B3EBCB /* Release */,
			);
			defaultConfigurationIsVisible = 0;
			defaultConfigurationName = Release;
		};
		548BACAF23ECAED500B3EBCB /* Build configuration list for PBXNativeTarget "Carnaval 4.0 Rosas-FEIUITests" */ = {
			isa = XCConfigurationList;
			buildConfigurations = (
				548BACB023ECAED500B3EBCB /* Debug */,
				548BACB123ECAED500B3EBCB /* Release */,
			);
			defaultConfigurationIsVisible = 0;
			defaultConfigurationName = Release;
		};
/* End XCConfigurationList section */
	};
	rootObject = 548BAC7723ECAECD00B3EBCB /* Project object */;
}
